github.com/davecgh/go-spew v1.1.1 h1:vj9j/u1bqnvCEfJOwUhtlOARqs3+rkHYY13jYWTU97c=
github.com/davecgh/go-spew v1.1.1/go.mod h1:J7Y8YcW2NihsgmVo/mv3lAwl/skON4iLHjSsI+c5H38=
github.com/dhannyell/webgpu/libs-android v0.0.0-20260905020343-c4069cac051c h1:yhPBR+j0CIh74k9UsN+xkmCbI+sKysZLfPGPoDSIwwo=
github.com/dhannyell/webgpu/libs-android v0.0.0-20260905020343-c4069cac051c/go.mod h1:ieewCHGEzpRrXMBX2h81X1SaHIgRuJzqZdiUOZzEh2E=
github.com/dhannyell/webgpu/libs-darwin v0.0.0-20260905020352-092624e3a385 h1:GkVUxaj+ABft2kpYJsh6oUK2VdTlLfjOUlZveWJA6Vs=
github.com/dhannyell/webgpu/libs-darwin v0.0.0-20260905020352-092624e3a385/go.mod h1:CakHiHvYcJ8myA1bO8E3NMKnGnWXLCXOfvYQ54/E1pw=
github.com/dhannyell/webgpu/libs-ios v0.0.0-20260905020358-fb13dc722108 h1:IfJT/QjaiQD2l0rE0S+x6fpODjJ9Nmkkqr31OAfL5sM=
github.com/dhannyell/webgpu/libs-ios v0.0.0-20260905020358-fb13dc722108/go.mod h1:rqw33iJVVfhHdjoIKZdt5wIyD8KoekUMAVXZTIGHCKc=
github.com/dhannyell/webgpu/libs-linux v0.0.0-20260905020403-4ea5c475cbbd h1:jnLO5QIQohrJ/XJHe0HVBwyOarfrvgm7/LUCVpmyzmE=
github.com/dhannyell/webgpu/libs-linux v0.0.0-20260905020403-4ea5c475cbbd/go.mod h1:5BveLwWsd8j+N6wtcDCrprQcHsM3ORaVxnnfwmQyjMY=
github.com/dhannyell/webgpu/libs-windows v0.0.0-20260905020407-128027db48f4 h1:XRl/oX7XImBTTDnHWEv+E9ybfL4/ZZDXx1Tm08j+0ks=
github.com/dhannyell/webgpu/libs-windows v0.0.0-20260905020407-128027db48f4/go.mod h1:M3bWCAnYw5rz9pIjCRogxNpaFPqZmx0+n1+kmTfAOe4=
github.com/go-gl/glfw/v3.4/glfw v0.1.0-pre.1.0.20260628091122-0bd588dc30cf h1:F3qluraUahVF1QyZcPaeqavaUMr65eQnR4AH4VmDojc=
github.com/go-gl/glfw/v3.4/glfw v0.1.0-pre.1.0.20260628091122-0bd588dc30cf/go.mod h1:T5Dn0JwIJOX1euPZ/iT4tq6nFYtmukjcYa7937HuYK8=
github.com/pmezard/go-difflib v1.0.0 h1:4DBwDE0NGyQoBHbLQYPwSUPoCMWR5BEzIk/f1lZbAQM=
github.com/pmezard/go-difflib v1.0.0/go.mod h1:iKH77koFhYxTK1pcRnkKkqfTogsbg7gZNVY4sRDYZ/4=
github.com/stretchr/testify v1.11.1 h1:7s2iGBzp5EwR7/aIZr8ao5+dra3wiQyKjjFuvgVKu7U=
github.com/stretchr/testify v1.11.1/go.mod h1:wZwfW3scLgRK+23gO65QZefKpKQRnfz6sD981Nm4B6U=
gopkg.in/check.v1 v0.0.0-20161208181325-20d25e280405 h1:yhCVgyC4o1eVCa2tZl7eS0r+SDo693bJlVdllGtEeKM=
gopkg.in/check.v1 v0.0.0-20161208181325-20d25e280405/go.mod h1:Co6ibVJAznAaIkqp8huTwlJQCZ016jof/cbN4VW5Yz0=
gopkg.in/yaml.v3 v3.0.1 h1:fxVm/GzAzEWqLHuvctI91KS9hhNmmWOoWu0XTYJS7CA=
gopkg.in/yaml.v3 v3.0.1/go.mod h1:K4uyk7z7BCEPqu6E+C64Yfv1cQ7kz7rIZviUmN+EgEM=
